
Microsoft Visual Studio Solution File, Format Version 12.00
# Visual Studio Version 16
VisualStudioVersion = 16.0.30225.117
MinimumVisualStudioVersion = 10.0.40219.1
Project("{FAE04EC0-301F-11D3-BF4B-00C04F79EFBC}") = "BlazorPlayground.Server", "BlazorPlayground\Server\BlazorPlayground.Server.csproj", "{AA959023-708B-4505-A358-B41A6C36FC68}"
EndProject
Project("{FAE04EC0-301F-11D3-BF4B-00C04F79EFBC}") = "BlazorPlayground.Client", "BlazorPlayground\Client\BlazorPlayground.Client.csproj", "{99E257E8-466E-4168-80DB-871486BDB6C7}"
EndProject
Project("{FAE04EC0-301F-11D3-BF4B-00C04F79EFBC}") = "BlazorPlayground.Shared", "BlazorPlayground\Shared\BlazorPlayground.Shared.csproj", "{73968084-A84D-4483-AFB4-A32F658881E7}"
EndProject
Global
	GlobalSection(SolutionConfigurationPlatforms) = preSolution
		Debug|Any CPU = Debug|Any CPU
		Release|Any CPU = Release|Any CPU
	EndGlobalSection
	GlobalSection(ProjectConfigurationPlatforms) = postSolution
		{AA959023-708B-4505-A358-B41A6C36FC68}.Debug|Any CPU.ActiveCfg = Debug|Any CPU
		{AA959023-708B-4505-A358-B41A6C36FC68}.Debug|Any CPU.Build.0 = Debug|Any CPU
		{AA959023-708B-4505-A358-B41A6C36FC68}.Release|Any CPU.ActiveCfg = Release|Any CPU
		{AA959023-708B-4505-A358-B41A6C36FC68}.Release|Any CPU.Build.0 = Release|Any CPU
		{99E257E8-466E-4168-80DB-871486BDB6C7}.Debug|Any CPU.ActiveCfg = Debug|Any CPU
		{99E257E8-466E-4168-80DB-871486BDB6C7}.Debug|Any CPU.Build.0 = Debug|Any CPU
		{99E257E8-466E-4168-80DB-871486BDB6C7}.Release|Any CPU.ActiveCfg = Release|Any CPU
		{99E257E8-466E-4168-80DB-871486BDB6C7}.Release|Any CPU.Build.0 = Release|Any CPU
		{73968084-A84D-4483-AFB4-A32F658881E7}.Debug|Any CPU.ActiveCfg = Debug|Any CPU
		{73968084-A84D-4483-AFB4-A32F658881E7}.Debug|Any CPU.Build.0 = Debug|Any CPU
		{73968084-A84D-4483-AFB4-A32F658881E7}.Release|Any CPU.ActiveCfg = Release|Any CPU
		{73968084-A84D-4483-AFB4-A32F658881E7}.Release|Any CPU.Build.0 = Release|Any CPU
	EndGlobalSection
	GlobalSection(SolutionProperties) = preSolution
		HideSolutionNode = FALSE
	EndGlobalSection
	GlobalSection(ExtensibilityGlobals) = postSolution
		SolutionGuid = {C2C0A943-33A3-4A7B-B326-BBFB9B3ADEB6}
	EndGlobalSection
EndGlobal
